
Microsoft Visual Studio Solution File, Format Version 12.00
# Visual Studio Version 17
VisualStudioVersion = 17.5.33627.172
MinimumVisualStudioVersion = 10.0.40219.1
Project("{9A19103F-16F7-4668-BE54-9A1E7A4F7556}") = "GrantAdvance.API", "GrantAdvance\GrantAdvance.API.csproj", "{AB1F7BE8-FF45-49D8-97FC-DEEFA0988FF2}"
EndProject
Project("{9A19103F-16F7-4668-BE54-9A1E7A4F7556}") = "GrantAdvance.Domain", "GrantAdvance.Domain\GrantAdvance.Domain.csproj", "{EAD6A103-F59E-4FA1-9E7F-01A856F4C422}"
EndProject
Project("{9A19103F-16F7-4668-BE54-9A1E7A4F7556}") = "GrantAdvance.Data", "GrantAdvance.Data\GrantAdvance.Data.csproj", "{00A8A7E1-1E77-4D5D-A440-5516993B016D}"
EndProject
Project("{FAE04EC0-301F-11D3-BF4B-00C04F79EFBC}") = "GrantAdvance.Infras", "GrantAdvance.Infras\GrantAdvance.Infras.csproj", "{7FE3C3A7-B8C4-45D9-AE43-F23A070CD723}"
EndProject
Global
	GlobalSection(SolutionConfigurationPlatforms) = preSolution
		Debug|Any CPU = Debug|Any CPU
		Release|Any CPU = Release|Any CPU
	EndGlobalSection
	GlobalSection(ProjectConfigurationPlatforms) = postSolution
		{AB1F7BE8-FF45-49D8-97FC-DEEFA0988FF2}.Debug|Any CPU.ActiveCfg = Debug|Any CPU
		{AB1F7BE8-FF45-49D8-97FC-DEEFA0988FF2}.Debug|Any CPU.Build.0 = Debug|Any CPU
		{AB1F7BE8-FF45-49D8-97FC-DEEFA0988FF2}.Release|Any CPU.ActiveCfg = Release|Any CPU
		{AB1F7BE8-FF45-49D8-97FC-DEEFA0988FF2}.Release|Any CPU.Build.0 = Release|Any CPU
		{EAD6A103-F59E-4FA1-9E7F-01A856F4C422}.Debug|Any CPU.ActiveCfg = Debug|Any CPU
		{EAD6A103-F59E-4FA1-9E7F-01A856F4C422}.Debug|Any CPU.Build.0 = Debug|Any CPU
		{EAD6A103-F59E-4FA1-9E7F-01A856F4C422}.Release|Any CPU.ActiveCfg = Release|Any CPU
		{EAD6A103-F59E-4FA1-9E7F-01A856F4C422}.Release|Any CPU.Build.0 = Release|Any CPU
		{00A8A7E1-1E77-4D5D-A440-5516993B016D}.Debug|Any CPU.ActiveCfg = Debug|Any CPU
		{00A8A7E1-1E77-4D5D-A440-5516993B016D}.Debug|Any CPU.Build.0 = Debug|Any CPU
		{00A8A7E1-1E77-4D5D-A440-5516993B016D}.Release|Any CPU.ActiveCfg = Release|Any CPU
		{00A8A7E1-1E77-4D5D-A440-5516993B016D}.Release|Any CPU.Build.0 = Release|Any CPU
		{7FE3C3A7-B8C4-45D9-AE43-F23A070CD723}.Debug|Any CPU.ActiveCfg = Debug|Any CPU
		{7FE3C3A7-B8C4-45D9-AE43-F23A070CD723}.Debug|Any CPU.Build.0 = Debug|Any CPU
		{7FE3C3A7-B8C4-45D9-AE43-F23A070CD723}.Release|Any CPU.ActiveCfg = Release|Any CPU
		{7FE3C3A7-B8C4-45D9-AE43-F23A070CD723}.Release|Any CPU.Build.0 = Release|Any CPU
	EndGlobalSection
	GlobalSection(SolutionProperties) = preSolution
		HideSolutionNode = FALSE
	EndGlobalSection
	GlobalSection(ExtensibilityGlobals) = postSolution
		SolutionGuid = {F1F1E694-7779-4B32-9D62-FB1F1F2C5CA1}
	EndGlobalSection
EndGlobal
